PODS:
  - GoogleMaps (7.1.0):
    - GoogleMaps/Maps (= 7.1.0)
  - GoogleMaps/Base (7.1.0)
  - GoogleMaps/Maps (7.1.0):
    - GoogleMaps/Base
  - GooglePlaces (7.1.0)

DEPENDENCIES:
  - GoogleMaps (= 7.1.0)
  - GooglePlaces

SPEC REPOS:
  trunk:
    - GoogleMaps
    - GooglePlaces

SPEC CHECKSUMS:
  GoogleMaps: bc56ffb0324e345a2d91bac1a64a920f9c8f1b20
  GooglePlaces: 187946335ec3dc624de71c0a9ddcc712f19b0ee1

PODFILE CHECKSUM: 0fb0f3808e9f814668b1838f3c26087698580829

COCOAPODS: 1.11.3
