// !$*UTF8*$!
{
	archiveVersion = 1;
	classes = {
	};
	objectVersion = 55;
	objects = {

/* Begin PBXBuildFile section */
		407A21820E0B086194B98295 /* Pods_Shipfastr.framework in Frameworks */ = {isa = PBXBuildFile; fileRef = D7F9D4018FBB26198C02B821 /* Pods_Shipfastr.framework */; };
		A8491A8A291B082300D40B01 /* HomeView.swift in Sources */ = {isa = PBXBuildFile; fileRef = A8491A89291B082300D40B01 /* HomeView.swift */; };
		A8491A8C291B083200D40B01 /* ActivityView.swift in Sources */ = {isa = PBXBuildFile; fileRef = A8491A8B291B083200D40B01 /* ActivityView.swift */; };
		A8491A8E291B083D00D40B01 /* HistoryView.swift in Sources */ = {isa = PBXBuildFile; fileRef = A8491A8D291B083D00D40B01 /* HistoryView.swift */; };
		A8491A91291B085200D40B01 /* MapViewController.swift in Sources */ = {isa = PBXBuildFile; fileRef = A8491A90291B085200D40B01 /* MapViewController.swift */; };
		A8491A93291B086A00D40B01 /* MapViewControllerBridge.swift in Sources */ = {isa = PBXBuildFile; fileRef = A8491A92291B086A00D40B01 /* MapViewControllerBridge.swift */; };
		A8491A96291B088000D40B01 /* Shipment.swift in Sources */ = {isa = PBXBuildFile; fileRef = A8491A95291B088000D40B01 /* Shipment.swift */; };
		A8491A98291B088F00D40B01 /* Vehicle.swift in Sources */ = {isa = PBXBuildFile; fileRef = A8491A97291B088F00D40B01 /* Vehicle.swift */; };
		A8491A9A291DF12700D40B01 /* ContentViewTwo.swift in Sources */ = {isa = PBXBuildFile; fileRef = A8491A99291DF12700D40B01 /* ContentViewTwo.swift */; };
		A8491A9C291DF21200D40B01 /* City.swift in Sources */ = {isa = PBXBuildFile; fileRef = A8491A9B291DF21200D40B01 /* City.swift */; };
		F88D4C20291AFA6500896275 /* ShipfastrApp.swift in Sources */ = {isa = PBXBuildFile; fileRef = F88D4C1F291AFA6500896275 /* ShipfastrApp.swift */; };
		F88D4C22291AFA6500896275 /* ContentView.swift in Sources */ = {isa = PBXBuildFile; fileRef = F88D4C21291AFA6500896275 /* ContentView.swift */; };
		F88D4C24291AFA6600896275 /* Assets.xcassets in Resources */ = {isa = PBXBuildFile; fileRef = F88D4C23291AFA6600896275 /* Assets.xcassets */; };
		F88D4C27291AFA6600896275 /* Preview Assets.xcassets in Resources */ = {isa = PBXBuildFile; fileRef = F88D4C26291AFA6600896275 /* Preview Assets.xcassets */; };
		F8A97F3A291C319400DD9EBF /* DestinationMenuView.swift in Sources */ = {isa = PBXBuildFile; fileRef = F8A97F39291C319400DD9EBF /* DestinationMenuView.swift */; };
		F8A97F3F291DB89200DD9EBF /* OptimizerManager.swift in Sources */ = {isa = PBXBuildFile; fileRef = F8A97F3E291DB89200DD9EBF /* OptimizerManager.swift */; };
/* End PBXBuildFile section */

/* Begin PBXFileReference section */
		1C1237BC343E6129BA62E5FF /* Pods-Shipfastr.debug.xcconfig */ = {isa = PBXFileReference; includeInIndex = 1; lastKnownFileType = text.xcconfig; name = "Pods-Shipfastr.debug.xcconfig"; path = "Target Support Files/Pods-Shipfastr/Pods-Shipfastr.debug.xcconfig"; sourceTree = "<group>"; };
		A8491A89291B082300D40B01 /* HomeView.swift */ = {isa = PBXFileReference; lastKnownFileType = sourcecode.swift; path = HomeView.swift; sourceTree = "<group>"; };
		A8491A8B291B083200D40B01 /* ActivityView.swift */ = {isa = PBXFileReference; lastKnownFileType = sourcecode.swift; path = ActivityView.swift; sourceTree = "<group>"; };
		A8491A8D291B083D00D40B01 /* HistoryView.swift */ = {isa = PBXFileReference; lastKnownFileType = sourcecode.swift; path = HistoryView.swift; sourceTree = "<group>"; };
		A8491A90291B085200D40B01 /* MapViewController.swift */ = {isa = PBXFileReference; lastKnownFileType = sourcecode.swift; path = MapViewController.swift; sourceTree = "<group>"; };
		A8491A92291B086A00D40B01 /* MapViewControllerBridge.swift */ = {isa = PBXFileReference; lastKnownFileType = sourcecode.swift; path = MapViewControllerBridge.swift; sourceTree = "<group>"; };
		A8491A95291B088000D40B01 /* Shipment.swift */ = {isa = PBXFileReference; lastKnownFileType = sourcecode.swift; path = Shipment.swift; sourceTree = "<group>"; };
		A8491A97291B088F00D40B01 /* Vehicle.swift */ = {isa = PBXFileReference; lastKnownFileType = sourcecode.swift; path = Vehicle.swift; sourceTree = "<group>"; };
		A8491A99291DF12700D40B01 /* ContentViewTwo.swift */ = {isa = PBXFileReference; lastKnownFileType = sourcecode.swift; path = ContentViewTwo.swift; sourceTree = "<group>"; };
		A8491A9B291DF21200D40B01 /* City.swift */ = {isa = PBXFileReference; lastKnownFileType = sourcecode.swift; path = City.swift; sourceTree = "<group>"; };
		B9AEBBB8DDE8E4CD61BA3775 /* Pods-Shipfastr.release.xcconfig */ = {isa = PBXFileReference; includeInIndex = 1; lastKnownFileType = text.xcconfig; name = "Pods-Shipfastr.release.xcconfig"; path = "Target Support Files/Pods-Shipfastr/Pods-Shipfastr.release.xcconfig"; sourceTree = "<group>"; };
		D7F9D4018FBB26198C02B821 /* Pods_Shipfastr.framework */ = {isa = PBXFileReference; explicitFileType = wrapper.framework; includeInIndex = 0; path = Pods_Shipfastr.framework; sourceTree = BUILT_PRODUCTS_DIR; };
		F88D4C1C291AFA6500896275 /* Shipfastr.app */ = {isa = PBXFileReference; explicitFileType = wrapper.application; includeInIndex = 0; path = Shipfastr.app; sourceTree = BUILT_PRODUCTS_DIR; };
		F88D4C1F291AFA6500896275 /* ShipfastrApp.swift */ = {isa = PBXFileReference; lastKnownFileType = sourcecode.swift; path = ShipfastrApp.swift; sourceTree = "<group>"; };
		F88D4C21291AFA6500896275 /* ContentView.swift */ = {isa = PBXFileReference; lastKnownFileType = sourcecode.swift; path = ContentView.swift; sourceTree = "<group>"; };
		F88D4C23291AFA6600896275 /* Assets.xcassets */ = {isa = PBXFileReference; lastKnownFileType = folder.assetcatalog; path = Assets.xcassets; sourceTree = "<group>"; };
		F88D4C26291AFA6600896275 /* Preview Assets.xcassets */ = {isa = PBXFileReference; lastKnownFileType = folder.assetcatalog; path = "Preview Assets.xcassets"; sourceTree = "<group>"; };
		F8A97F39291C319400DD9EBF /* DestinationMenuView.swift */ = {isa = PBXFileReference; lastKnownFileType = sourcecode.swift; path = DestinationMenuView.swift; sourceTree = "<group>"; };
		F8A97F3E291DB89200DD9EBF /* OptimizerManager.swift */ = {isa = PBXFileReference; lastKnownFileType = sourcecode.swift; path = OptimizerManager.swift; sourceTree = "<group>"; };
/* End PBXFileReference section */

/* Begin PBXFrameworksBuildPhase section */
		F88D4C19291AFA6500896275 /* Frameworks */ = {
			isa = PBXFrameworksBuildPhase;
			buildActionMask = 2147483647;
			files = (
				407A21820E0B086194B98295 /* Pods_Shipfastr.framework in Frameworks */,
			);
			runOnlyForDeploymentPostprocessing = 0;
		};
/* End PBXFrameworksBuildPhase section */

/* Begin PBXGroup section */
		159ACDDBE9CEEEBC2BE080B8 /* Frameworks */ = {
			isa = PBXGroup;
			children = (
				D7F9D4018FBB26198C02B821 /* Pods_Shipfastr.framework */,
			);
			name = Frameworks;
			sourceTree = "<group>";
		};
		2726D4627B5FA960741C169F /* Pods */ = {
			isa = PBXGroup;
			children = (
				1C1237BC343E6129BA62E5FF /* Pods-Shipfastr.debug.xcconfig */,
				B9AEBBB8DDE8E4CD61BA3775 /* Pods-Shipfastr.release.xcconfig */,
			);
			path = Pods;
			sourceTree = "<group>";
		};
		A802F5E229207A9A00BC02A4 /* MapStyle */ = {
			isa = PBXGroup;
			children = (
			);
			path = MapStyle;
			sourceTree = "<group>";
		};
		A8491A88291B081500D40B01 /* Views */ = {
			isa = PBXGroup;
			children = (
				F8A97F38291C317F00DD9EBF /* DestinationMenuView */,
				A8491A8F291B084100D40B01 /* MapView */,
				A8491A89291B082300D40B01 /* HomeView.swift */,
				A8491A8B291B083200D40B01 /* ActivityView.swift */,
				A8491A8D291B083D00D40B01 /* HistoryView.swift */,
			);
			path = Views;
			sourceTree = "<group>";
		};
		A8491A8F291B084100D40B01 /* MapView */ = {
			isa = PBXGroup;
			children = (
				A8491A90291B085200D40B01 /* MapViewController.swift */,
				A8491A92291B086A00D40B01 /* MapViewControllerBridge.swift */,
			);
			path = MapView;
			sourceTree = "<group>";
		};
		A8491A94291B087100D40B01 /* Models */ = {
			isa = PBXGroup;
			children = (
				A8491A95291B088000D40B01 /* Shipment.swift */,
				A8491A97291B088F00D40B01 /* Vehicle.swift */,
				A8491A9B291DF21200D40B01 /* City.swift */,
			);
			path = Models;
			sourceTree = "<group>";
		};
		F88D4C13291AFA6500896275 = {
			isa = PBXGroup;
			children = (
				F88D4C1E291AFA6500896275 /* Shipfastr */,
				F88D4C1D291AFA6500896275 /* Products */,
				2726D4627B5FA960741C169F /* Pods */,
				159ACDDBE9CEEEBC2BE080B8 /* Frameworks */,
			);
			sourceTree = "<group>";
		};
		F88D4C1D291AFA6500896275 /* Products */ = {
			isa = PBXGroup;
			children = (
				F88D4C1C291AFA6500896275 /* Shipfastr.app */,
			);
			name = Products;
			sourceTree = "<group>";
		};
		F88D4C1E291AFA6500896275 /* Shipfastr */ = {
			isa = PBXGroup;
			children = (
				A802F5E229207A9A00BC02A4 /* MapStyle */,
				F8A97F3D291DB88000DD9EBF /* Managers */,
				A8491A94291B087100D40B01 /* Models */,
				A8491A88291B081500D40B01 /* Views */,
				F88D4C1F291AFA6500896275 /* ShipfastrApp.swift */,
				F88D4C21291AFA6500896275 /* ContentView.swift */,
				A8491A99291DF12700D40B01 /* ContentViewTwo.swift */,
				F88D4C23291AFA6600896275 /* Assets.xcassets */,
				F88D4C25291AFA6600896275 /* Preview Content */,
			);
			path = Shipfastr;
			sourceTree = "<group>";
		};
		F88D4C25291AFA6600896275 /* Preview Content */ = {
			isa = PBXGroup;
			children = (
				F88D4C26291AFA6600896275 /* Preview Assets.xcassets */,
			);
			path = "Preview Content";
			sourceTree = "<group>";
		};
		F8A97F38291C317F00DD9EBF /* DestinationMenuView */ = {
			isa = PBXGroup;
			children = (
				F8A97F39291C319400DD9EBF /* DestinationMenuView.swift */,
			);
			path = DestinationMenuView;
			sourceTree = "<group>";
		};
		F8A97F3D291DB88000DD9EBF /* Managers */ = {
			isa = PBXGroup;
			children = (
				F8A97F3E291DB89200DD9EBF /* OptimizerManager.swift */,
			);
			path = Managers;
			sourceTree = "<group>";
		};
/* End PBXGroup section */

/* Begin PBXNativeTarget section */
		F88D4C1B291AFA6500896275 /* Shipfastr */ = {
			isa = PBXNativeTarget;
			buildConfigurationList = F88D4C2A291AFA6600896275 /* Build configuration list for PBXNativeTarget "Shipfastr" */;
			buildPhases = (
				8FB77E977B882F12EDACEB72 /* [CP] Check Pods Manifest.lock */,
				F88D4C18291AFA6500896275 /* Sources */,
				F88D4C19291AFA6500896275 /* Frameworks */,
				F88D4C1A291AFA6500896275 /* Resources */,
				CEA4D7F173995A2AA362F971 /* [CP] Copy Pods Resources */,
			);
			buildRules = (
			);
			dependencies = (
			);
			name = Shipfastr;
			productName = Shipfastr;
			productReference = F88D4C1C291AFA6500896275 /* Shipfastr.app */;
			productType = "com.apple.product-type.application";
		};
/* End PBXNativeTarget section */

/* Begin PBXProject section */
		F88D4C14291AFA6500896275 /* Project object */ = {
			isa = PBXProject;
			attributes = {
				BuildIndependentTargetsInParallel = 1;
				LastSwiftUpdateCheck = 1330;
				LastUpgradeCheck = 1330;
				TargetAttributes = {
					F88D4C1B291AFA6500896275 = {
						CreatedOnToolsVersion = 13.3.1;
					};
				};
			};
			buildConfigurationList = F88D4C17291AFA6500896275 /* Build configuration list for PBXProject "Shipfastr" */;
			compatibilityVersion = "Xcode 13.0";
			developmentRegion = en;
			hasScannedForEncodings = 0;
			knownRegions = (
				en,
				Base,
			);
			mainGroup = F88D4C13291AFA6500896275;
			productRefGroup = F88D4C1D291AFA6500896275 /* Products */;
			projectDirPath = "";
			projectRoot = "";
			targets = (
				F88D4C1B291AFA6500896275 /* Shipfastr */,
			);
		};
/* End PBXProject section */

/* Begin PBXResourcesBuildPhase section */
		F88D4C1A291AFA6500896275 /* Resources */ = {
			isa = PBXResourcesBuildPhase;
			buildActionMask = 2147483647;
			files = (
				F88D4C27291AFA6600896275 /* Preview Assets.xcassets in Resources */,
				F88D4C24291AFA6600896275 /* Assets.xcassets in Resources */,
			);
			runOnlyForDeploymentPostprocessing = 0;
		};
/* End PBXResourcesBuildPhase section */

/* Begin PBXShellScriptBuildPhase section */
		8FB77E977B882F12EDACEB72 /* [CP] Check Pods Manifest.lock */ = {
			isa = PBXShellScriptBuildPhase;
			buildActionMask = 2147483647;
			files = (
			);
			inputFileListPaths = (
			);
			inputPaths = (
				"${PODS_PODFILE_DIR_PATH}/Podfile.lock",
				"${PODS_ROOT}/Manifest.lock",
			);
			name = "[CP] Check Pods Manifest.lock";
			outputFileListPaths = (
			);
			outputPaths = (
				"$(DERIVED_FILE_DIR)/Pods-Shipfastr-checkManifestLockResult.txt",
			);
			runOnlyForDeploymentPostprocessing = 0;
			shellPath = /bin/sh;
			shellScript = "diff \"${PODS_PODFILE_DIR_PATH}/Podfile.lock\" \"${PODS_ROOT}/Manifest.lock\" > /dev/null\nif [ $? != 0 ] ; then\n    # print error to STDERR\n    echo \"error: The sandbox is not in sync with the Podfile.lock. Run 'pod install' or update your CocoaPods installation.\" >&2\n    exit 1\nfi\n# This output is used by Xcode 'outputs' to avoid re-running this script phase.\necho \"SUCCESS\" > \"${SCRIPT_OUTPUT_FILE_0}\"\n";
			showEnvVarsInLog = 0;
		};
		CEA4D7F173995A2AA362F971 /* [CP] Copy Pods Resources */ = {
			isa = PBXShellScriptBuildPhase;
			buildActionMask = 2147483647;
			files = (
			);
			inputFileListPaths = (
				"${PODS_ROOT}/Target Support Files/Pods-Shipfastr/Pods-Shipfastr-resources-${CONFIGURATION}-input-files.xcfilelist",
			);
			name = "[CP] Copy Pods Resources";
			outputFileListPaths = (
				"${PODS_ROOT}/Target Support Files/Pods-Shipfastr/Pods-Shipfastr-resources-${CONFIGURATION}-output-files.xcfilelist",
			);
			runOnlyForDeploymentPostprocessing = 0;
			shellPath = /bin/sh;
			shellScript = "\"${PODS_ROOT}/Target Support Files/Pods-Shipfastr/Pods-Shipfastr-resources.sh\"\n";
			showEnvVarsInLog = 0;
		};
/* End PBXShellScriptBuildPhase section */

/* Begin PBXSourcesBuildPhase section */
		F88D4C18291AFA6500896275 /* Sources */ = {
			isa = PBXSourcesBuildPhase;
			buildActionMask = 2147483647;
			files = (
				F8A97F3A291C319400DD9EBF /* DestinationMenuView.swift in Sources */,
				A8491A98291B088F00D40B01 /* Vehicle.swift in Sources */,
				A8491A8A291B082300D40B01 /* HomeView.swift in Sources */,
				A8491A96291B088000D40B01 /* Shipment.swift in Sources */,
				A8491A91291B085200D40B01 /* MapViewController.swift in Sources */,
				A8491A8C291B083200D40B01 /* ActivityView.swift in Sources */,
				A8491A93291B086A00D40B01 /* MapViewControllerBridge.swift in Sources */,
				A8491A9C291DF21200D40B01 /* City.swift in Sources */,
				A8491A8E291B083D00D40B01 /* HistoryView.swift in Sources */,
				F88D4C22291AFA6500896275 /* ContentView.swift in Sources */,
				F88D4C20291AFA6500896275 /* ShipfastrApp.swift in Sources */,
				A8491A9A291DF12700D40B01 /* ContentViewTwo.swift in Sources */,
				F8A97F3F291DB89200DD9EBF /* OptimizerManager.swift in Sources */,
			);
			runOnlyForDeploymentPostprocessing = 0;
		};
/* End PBXSourcesBuildPhase section */

/* Begin XCBuildConfiguration section */
		F88D4C28291AFA6600896275 /* Debug */ = {
			isa = XCBuildConfiguration;
			buildSettings = {
				ALWAYS_SEARCH_USER_PATHS = NO;
				CLANG_ANALYZER_NONNULL = YES;
				CLANG_ANALYZER_NUMBER_OBJECT_CONVERSION = YES_AGGRESSIVE;
				CLANG_CXX_LANGUAGE_STANDARD = "gnu++17";
				CLANG_ENABLE_MODULES = YES;
				CLANG_ENABLE_OBJC_ARC = YES;
				CLANG_ENABLE_OBJC_WEAK = YES;
				CLANG_WARN_BLOCK_CAPTURE_AUTORELEASING = YES;
				CLANG_WARN_BOOL_CONVERSION = YES;
				CLANG_WARN_COMMA = YES;
				CLANG_WARN_CONSTANT_CONVERSION = YES;
				CLANG_WARN_DEPRECATED_OBJC_IMPLEMENTATIONS = YES;
				CLANG_WARN_DIRECT_OBJC_ISA_USAGE = YES_ERROR;
				CLANG_WARN_DOCUMENTATION_COMMENTS = YES;
				CLANG_WARN_EMPTY_BODY = YES;
				CLANG_WARN_ENUM_CONVERSION = YES;
				CLANG_WARN_INFINITE_RECURSION = YES;
				CLANG_WARN_INT_CONVERSION = YES;
				CLANG_WARN_NON_LITERAL_NULL_CONVERSION = YES;
				CLANG_WARN_OBJC_IMPLICIT_RETAIN_SELF = YES;
				CLANG_WARN_OBJC_LITERAL_CONVERSION = YES;
				CLANG_WARN_OBJC_ROOT_CLASS = YES_ERROR;
				CLANG_WARN_QUOTED_INCLUDE_IN_FRAMEWORK_HEADER = YES;
				CLANG_WARN_RANGE_LOOP_ANALYSIS = YES;
				CLANG_WARN_STRICT_PROTOTYPES = YES;
				CLANG_WARN_SUSPICIOUS_MOVE = YES;
				CLANG_WARN_UNGUARDED_AVAILABILITY = YES_AGGRESSIVE;
				CLANG_WARN_UNREACHABLE_CODE = YES;
				CLANG_WARN__DUPLICATE_METHOD_MATCH = YES;
				COPY_PHASE_STRIP = NO;
				DEBUG_INFORMATION_FORMAT = dwarf;
				ENABLE_STRICT_OBJC_MSGSEND = YES;
				ENABLE_TESTABILITY = YES;
				GCC_C_LANGUAGE_STANDARD = gnu11;
				GCC_DYNAMIC_NO_PIC = NO;
				GCC_NO_COMMON_BLOCKS = YES;
				GCC_OPTIMIZATION_LEVEL = 0;
				GCC_PREPROCESSOR_DEFINITIONS = (
					"DEBUG=1",
					"$(inherited)",
				);
				GCC_WARN_64_TO_32_BIT_CONVERSION = YES;
				GCC_WARN_ABOUT_RETURN_TYPE = YES_ERROR;
				GCC_WARN_UNDECLARED_SELECTOR = YES;
				GCC_WARN_UNINITIALIZED_AUTOS = YES_AGGRESSIVE;
				GCC_WARN_UNUSED_FUNCTION = YES;
				GCC_WARN_UNUSED_VARIABLE = YES;
				IPHONEOS_DEPLOYMENT_TARGET = 15.4;
				MTL_ENABLE_DEBUG_INFO = INCLUDE_SOURCE;
				MTL_FAST_MATH = YES;
				ONLY_ACTIVE_ARCH = YES;
				SDKROOT = iphoneos;
				SWIFT_ACTIVE_COMPILATION_CONDITIONS = DEBUG;
				SWIFT_OPTIMIZATION_LEVEL = "-Onone";
			};
			name = Debug;
		};
		F88D4C29291AFA6600896275 /* Release */ = {
			isa = XCBuildConfiguration;
			buildSettings = {
				ALWAYS_SEARCH_USER_PATHS = NO;
				CLANG_ANALYZER_NONNULL = YES;
				CLANG_ANALYZER_NUMBER_OBJECT_CONVERSION = YES_AGGRESSIVE;
				CLANG_CXX_LANGUAGE_STANDARD = "gnu++17";
				CLANG_ENABLE_MODULES = YES;
				CLANG_ENABLE_OBJC_ARC = YES;
				CLANG_ENABLE_OBJC_WEAK = YES;
				CLANG_WARN_BLOCK_CAPTURE_AUTORELEASING = YES;
				CLANG_WARN_BOOL_CONVERSION = YES;
				CLANG_WARN_COMMA = YES;
				CLANG_WARN_CONSTANT_CONVERSION = YES;
				CLANG_WARN_DEPRECATED_OBJC_IMPLEMENTATIONS = YES;
				CLANG_WARN_DIRECT_OBJC_ISA_USAGE = YES_ERROR;
				CLANG_WARN_DOCUMENTATION_COMMENTS = YES;
				CLANG_WARN_EMPTY_BODY = YES;
				CLANG_WARN_ENUM_CONVERSION = YES;
				CLANG_WARN_INFINITE_RECURSION = YES;
				CLANG_WARN_INT_CONVERSION = YES;
				CLANG_WARN_NON_LITERAL_NULL_CONVERSION = YES;
				CLANG_WARN_OBJC_IMPLICIT_RETAIN_SELF = YES;
				CLANG_WARN_OBJC_LITERAL_CONVERSION = YES;
				CLANG_WARN_OBJC_ROOT_CLASS = YES_ERROR;
				CLANG_WARN_QUOTED_INCLUDE_IN_FRAMEWORK_HEADER = YES;
				CLANG_WARN_RANGE_LOOP_ANALYSIS = YES;
				CLANG_WARN_STRICT_PROTOTYPES = YES;
				CLANG_WARN_SUSPICIOUS_MOVE = YES;
				CLANG_WARN_UNGUARDED_AVAILABILITY = YES_AGGRESSIVE;
				CLANG_WARN_UNREACHABLE_CODE = YES;
				CLANG_WARN__DUPLICATE_METHOD_MATCH = YES;
				COPY_PHASE_STRIP = NO;
				DEBUG_INFORMATION_FORMAT = "dwarf-with-dsym";
				ENABLE_NS_ASSERTIONS = NO;
				ENABLE_STRICT_OBJC_MSGSEND = YES;
				GCC_C_LANGUAGE_STANDARD = gnu11;
				GCC_NO_COMMON_BLOCKS = YES;
				GCC_WARN_64_TO_32_BIT_CONVERSION = YES;
				GCC_WARN_ABOUT_RETURN_TYPE = YES_ERROR;
				GCC_WARN_UNDECLARED_SELECTOR = YES;
				GCC_WARN_UNINITIALIZED_AUTOS = YES_AGGRESSIVE;
				GCC_WARN_UNUSED_FUNCTION = YES;
				GCC_WARN_UNUSED_VARIABLE = YES;
				IPHONEOS_DEPLOYMENT_TARGET = 15.4;
				MTL_ENABLE_DEBUG_INFO = NO;
				MTL_FAST_MATH = YES;
				SDKROOT = iphoneos;
				SWIFT_COMPILATION_MODE = wholemodule;
				SWIFT_OPTIMIZATION_LEVEL = "-O";
				VALIDATE_PRODUCT = YES;
			};
			name = Release;
		};
		F88D4C2B291AFA6600896275 /* Debug */ = {
			isa = XCBuildConfiguration;
			baseConfigurationReference = 1C1237BC343E6129BA62E5FF /* Pods-Shipfastr.debug.xcconfig */;
			buildSettings = {
				ASSETCATALOG_COMPILER_APPICON_NAME = AppIcon;
				ASSETCATALOG_COMPILER_GLOBAL_ACCENT_COLOR_NAME = AccentColor;
				CODE_SIGN_STYLE = Automatic;
				CURRENT_PROJECT_VERSION = 1;
				DEVELOPMENT_ASSET_PATHS = "\"Shipfastr/Preview Content\"";
				DEVELOPMENT_TEAM = SXGK4ZATLS;
				ENABLE_PREVIEWS = YES;
				GENERATE_INFOPLIST_FILE = YES;
				INFOPLIST_KEY_UIApplicationSceneManifest_Generation = YES;
				INFOPLIST_KEY_UIApplicationSupportsIndirectInputEvents = YES;
				INFOPLIST_KEY_UILaunchScreen_Generation = YES;
				INFOPLIST_KEY_UISupportedInterfaceOrientations_iPad = "UIInterfaceOrientationPortrait UIInterfaceOrientationPortraitUpsideDown UIInterfaceOrientationLandscapeLeft UIInterfaceOrientationLandscapeRight";
				INFOPLIST_KEY_UISupportedInterfaceOrientations_iPhone = "UIInterfaceOrientationPortrait UIInterfaceOrientationLandscapeLeft UIInterfaceOrientationLandscapeRight";
				LD_RUNPATH_SEARCH_PATHS = (
					"$(inherited)",
					"@executable_path/Frameworks",
				);
				MARKETING_VERSION = 1.0;
				PRODUCT_BUNDLE_IDENTIFIER = Parham.Shipfastr;
				PRODUCT_NAME = "$(TARGET_NAME)";
				SWIFT_EMIT_LOC_STRINGS = YES;
				SWIFT_VERSION = 5.0;
				TARGETED_DEVICE_FAMILY = "1,2";
			};
			name = Debug;
		};
		F88D4C2C291AFA6600896275 /* Release */ = {
			isa = XCBuildConfiguration;
			baseConfigurationReference = B9AEBBB8DDE8E4CD61BA3775 /* Pods-Shipfastr.release.xcconfig */;
			buildSettings = {
				ASSETCATALOG_COMPILER_APPICON_NAME = AppIcon;
				ASSETCATALOG_COMPILER_GLOBAL_ACCENT_COLOR_NAME = AccentColor;
				CODE_SIGN_STYLE = Automatic;
				CURRENT_PROJECT_VERSION = 1;
				DEVELOPMENT_ASSET_PATHS = "\"Shipfastr/Preview Content\"";
				DEVELOPMENT_TEAM = SXGK4ZATLS;
				ENABLE_PREVIEWS = YES;
				GENERATE_INFOPLIST_FILE = YES;
				INFOPLIST_KEY_UIApplicationSceneManifest_Generation = YES;
				INFOPLIST_KEY_UIApplicationSupportsIndirectInputEvents = YES;
				INFOPLIST_KEY_UILaunchScreen_Generation = YES;
				INFOPLIST_KEY_UISupportedInterfaceOrientations_iPad = "UIInterfaceOrientationPortrait UIInterfaceOrientationPortraitUpsideDown UIInterfaceOrientationLandscapeLeft UIInterfaceOrientationLandscapeRight";
				INFOPLIST_KEY_UISupportedInterfaceOrientations_iPhone = "UIInterfaceOrientationPortrait UIInterfaceOrientationLandscapeLeft UIInterfaceOrientationLandscapeRight";
				LD_RUNPATH_SEARCH_PATHS = (
					"$(inherited)",
					"@executable_path/Frameworks",
				);
				MARKETING_VERSION = 1.0;
				PRODUCT_BUNDLE_IDENTIFIER = Parham.Shipfastr;
				PRODUCT_NAME = "$(TARGET_NAME)";
				SWIFT_EMIT_LOC_STRINGS = YES;
				SWIFT_VERSION = 5.0;
				TARGETED_DEVICE_FAMILY = "1,2";
			};
			name = Release;
		};
/* End XCBuildConfiguration section */

/* Begin XCConfigurationList section */
		F88D4C17291AFA6500896275 /* Build configuration list for PBXProject "Shipfastr" */ = {
			isa = XCConfigurationList;
			buildConfigurations = (
				F88D4C28291AFA6600896275 /* Debug */,
				F88D4C29291AFA6600896275 /* Release */,
			);
			defaultConfigurationIsVisible = 0;
			defaultConfigurationName = Release;
		};
		F88D4C2A291AFA6600896275 /* Build configuration list for PBXNativeTarget "Shipfastr" */ = {
			isa = XCConfigurationList;
			buildConfigurations = (
				F88D4C2B291AFA6600896275 /* Debug */,
				F88D4C2C291AFA6600896275 /* Release */,
			);
			defaultConfigurationIsVisible = 0;
			defaultConfigurationName = Release;
		};
/* End XCConfigurationList section */
	};
	rootObject = F88D4C14291AFA6500896275 /* Project object */;
}
